// !$*UTF8*$!
{
	archiveVersion = 1;
	classes = {
	};
	objectVersion = 46;
	objects = {

/* Begin PBXBuildFile section */
		0A0612A31C0C490300030C54 /* FilesDownloader.m in Sources */ = {isa = PBXBuildFile; fileRef = 0A0612A21C0C490300030C54 /* FilesDownloader.m */; };
		0A6515A01C082E1800D56107 /* AppDelegate.m in Sources */ = {isa = PBXBuildFile; fileRef = 0A65159F1C082E1800D56107 /* AppDelegate.m */; };
		0A6515A31C082E1800D56107 /* main.m in Sources */ = {isa = PBXBuildFile; fileRef = 0A6515A21C082E1800D56107 /* main.m */; };
		0A6515A61C082E1800D56107 /* MessengerViewController.m in Sources */ = {isa = PBXBuildFile; fileRef = 0A6515A51C082E1800D56107 /* MessengerViewController.m */; };
		0A6515A81C082E1800D56107 /* Assets.xcassets in Resources */ = {isa = PBXBuildFile; fileRef = 0A6515A71C082E1800D56107 /* Assets.xcassets */; };
		0A6515AB1C082E1800D56107 /* Main.storyboard in Resources */ = {isa = PBXBuildFile; fileRef = 0A6515A91C082E1800D56107 /* Main.storyboard */; };
		0A6515CF1C082EB100D56107 /* WebKit.framework in Frameworks */ = {isa = PBXBuildFile; fileRef = 0A6515CE1C082EB100D56107 /* WebKit.framework */; };
		0AA7AAEE1C0BF24C007CFE26 /* MessengerWindowController.m in Sources */ = {isa = PBXBuildFile; fileRef = 0AA7AAED1C0BF24C007CFE26 /* MessengerWindowController.m */; };
		0AA7AAF81C0C2010007CFE26 /* Credits.rtf in Resources */ = {isa = PBXBuildFile; fileRef = 0AA7AAF71C0C2010007CFE26 /* Credits.rtf */; };
		0AAD85681C0C55DB0080BE3F /* DownloadViewController.m in Sources */ = {isa = PBXBuildFile; fileRef = 0AAD85671C0C55DB0080BE3F /* DownloadViewController.m */; };
		0AAD856C1C0C57E90080BE3F /* DataCenter.m in Sources */ = {isa = PBXBuildFile; fileRef = 0AAD856B1C0C57E90080BE3F /* DataCenter.m */; };
/* End PBXBuildFile section */

/* Begin PBXContainerItemProxy section */
		0A6515B21C082E1800D56107 /* PBXContainerItemProxy */ = {
			isa = PBXContainerItemProxy;
			containerPortal = 0A6515931C082E1800D56107 /* Project object */;
			proxyType = 1;
			remoteGlobalIDString = 0A65159A1C082E1800D56107;
			remoteInfo = Messenger;
		};
		0A6515BD1C082E1800D56107 /* PBXContainerItemProxy */ = {
			isa = PBXContainerItemProxy;
			containerPortal = 0A6515931C082E1800D56107 /* Project object */;
			proxyType = 1;
			remoteGlobalIDString = 0A65159A1C082E1800D56107;
			remoteInfo = Messenger;
		};
/* End PBXContainerItemProxy section */

/* Begin PBXFileReference section */
		0A0612A11C0C490300030C54 /* FilesDownloader.h */ = {isa = PBXFileReference; fileEncoding = 4; lastKnownFileType = sourcecode.c.h; path = FilesDownloader.h; sourceTree = "<group>"; };
		0A0612A21C0C490300030C54 /* FilesDownloader.m */ = {isa = PBXFileReference; fileEncoding = 4; lastKnownFileType = sourcecode.c.objc; path = FilesDownloader.m; sourceTree = "<group>"; };
		0A0C5E3B1C0C37360062233C /* Constant.h */ = {isa = PBXFileReference; lastKnownFileType = sourcecode.c.h; path = Constant.h; sourceTree = "<group>"; };
		0A65159B1C082E1800D56107 /* Messenger.app */ = {isa = PBXFileReference; explicitFileType = wrapper.application; includeInIndex = 0; path = Messenger.app; sourceTree = BUILT_PRODUCTS_DIR; };
		0A65159E1C082E1800D56107 /* AppDelegate.h */ = {isa = PBXFileReference; lastKnownFileType = sourcecode.c.h; path = AppDelegate.h; sourceTree = "<group>"; };
		0A65159F1C082E1800D56107 /* AppDelegate.m */ = {isa = PBXFileReference; lastKnownFileType = sourcecode.c.objc; path = AppDelegate.m; sourceTree = "<group>"; };
		0A6515A21C082E1800D56107 /* main.m */ = {isa = PBXFileReference; lastKnownFileType = sourcecode.c.objc; path = main.m; sourceTree = "<group>"; };
		0A6515A41C082E1800D56107 /* MessengerViewController.h */ = {isa = PBXFileReference; lastKnownFileType = sourcecode.c.h; path = MessengerViewController.h; sourceTree = "<group>"; };
		0A6515A51C082E1800D56107 /* MessengerViewController.m */ = {isa = PBXFileReference; lastKnownFileType = sourcecode.c.objc; path = MessengerViewController.m; sourceTree = "<group>"; };
		0A6515A71C082E1800D56107 /* Assets.xcassets */ = {isa = PBXFileReference; lastKnownFileType = folder.assetcatalog; path = Assets.xcassets; sourceTree = "<group>"; };
		0A6515AA1C082E1800D56107 /* Base */ = {isa = PBXFileReference; lastKnownFileType = file.storyboard; name = Base; path = Base.lproj/Main.storyboard; sourceTree = "<group>"; };
		0A6515AC1C082E1800D56107 /* Info.plist */ = {isa = PBXFileReference; lastKnownFileType = text.plist.xml; path = Info.plist; sourceTree = "<group>"; };
		0A6515B11C082E1800D56107 /* Messenger.xctest */ = {isa = PBXFileReference; explicitFileType = wrapper.cfbundle; includeInIndex = 0; path = Messenger.xctest; sourceTree = BUILT_PRODUCTS_DIR; };
		0A6515BC1C082E1800D56107 /* Messenger.xctest */ = {isa = PBXFileReference; explicitFileType = wrapper.cfbundle; includeInIndex = 0; path = Messenger.xctest; sourceTree = BUILT_PRODUCTS_DIR; };
		0A6515CE1C082EB100D56107 /* WebKit.framework */ = {isa = PBXFileReference; lastKnownFileType = wrapper.framework; name = WebKit.framework; path = System/Library/Frameworks/WebKit.framework; sourceTree = SDKROOT; };
		0AA7AAEC1C0BF24C007CFE26 /* MessengerWindowController.h */ = {isa = PBXFileReference; fileEncoding = 4; lastKnownFileType = sourcecode.c.h; path = MessengerWindowController.h; sourceTree = "<group>"; };
		0AA7AAED1C0BF24C007CFE26 /* MessengerWindowController.m */ = {isa = PBXFileReference; fileEncoding = 4; lastKnownFileType = sourcecode.c.objc; path = MessengerWindowController.m; sourceTree = "<group>"; };
		0AA7AAF71C0C2010007CFE26 /* Credits.rtf */ = {isa = PBXFileReference; fileEncoding = 4; lastKnownFileType = text.rtf; path = Credits.rtf; sourceTree = "<group>"; };
		0AAD85661C0C55DB0080BE3F /* DownloadViewController.h */ = {isa = PBXFileReference; fileEncoding = 4; lastKnownFileType = sourcecode.c.h; path = DownloadViewController.h; sourceTree = "<group>"; };
		0AAD85671C0C55DB0080BE3F /* DownloadViewController.m */ = {isa = PBXFileReference; fileEncoding = 4; lastKnownFileType = sourcecode.c.objc; path = DownloadViewController.m; sourceTree = "<group>"; };
		0AAD856A1C0C57E90080BE3F /* DataCenter.h */ = {isa = PBXFileReference; fileEncoding = 4; lastKnownFileType = sourcecode.c.h; path = DataCenter.h; sourceTree = "<group>"; };
		0AAD856B1C0C57E90080BE3F /* DataCenter.m */ = {isa = PBXFileReference; fileEncoding = 4; lastKnownFileType = sourcecode.c.objc; path = DataCenter.m; sourceTree = "<group>"; };
/* End PBXFileReference section */

/* Begin PBXFrameworksBuildPhase section */
		0A6515981C082E1800D56107 /* Frameworks */ = {
			isa = PBXFrameworksBuildPhase;
			buildActionMask = 2147483647;
			files = (
				0A6515CF1C082EB100D56107 /* WebKit.framework in Frameworks */,
			);
			runOnlyForDeploymentPostprocessing = 0;
		};
		0A6515AE1C082E1800D56107 /* Frameworks */ = {
			isa = PBXFrameworksBuildPhase;
			buildActionMask = 2147483647;
			files = (
			);
			runOnlyForDeploymentPostprocessing = 0;
		};
		0A6515B91C082E1800D56107 /* Frameworks */ = {
			isa = PBXFrameworksBuildPhase;
			buildActionMask = 2147483647;
			files = (
			);
			runOnlyForDeploymentPostprocessing = 0;
		};
/* End PBXFrameworksBuildPhase section */

/* Begin PBXGroup section */
		0A6515921C082E1800D56107 = {
			isa = PBXGroup;
			children = (
				0A65159D1C082E1800D56107 /* Messenger */,
				0A65159C1C082E1800D56107 /* Products */,
			);
			sourceTree = "<group>";
		};
		0A65159C1C082E1800D56107 /* Products */ = {
			isa = PBXGroup;
			children = (
				0A65159B1C082E1800D56107 /* Messenger.app */,
				0A6515B11C082E1800D56107 /* Messenger.xctest */,
				0A6515BC1C082E1800D56107 /* Messenger.xctest */,
			);
			name = Products;
			sourceTree = "<group>";
		};
		0A65159D1C082E1800D56107 /* Messenger */ = {
			isa = PBXGroup;
			children = (
				0AAD85691C0C57D50080BE3F /* Data */,
				0AA7AAF11C0BF4A5007CFE26 /* Controller */,
				0AA7AAEF1C0BF38E007CFE26 /* Model */,
				0AA7AAF01C0BF3A1007CFE26 /* GUI */,
				0A6515A11C082E1800D56107 /* Supporting Files */,
			);
			path = Messenger;
			sourceTree = "<group>";
		};
		0A6515A11C082E1800D56107 /* Supporting Files */ = {
			isa = PBXGroup;
			children = (
				0AA7AAF71C0C2010007CFE26 /* Credits.rtf */,
				0A6515AC1C082E1800D56107 /* Info.plist */,
				0A6515CE1C082EB100D56107 /* WebKit.framework */,
				0A6515A21C082E1800D56107 /* main.m */,
			);
			name = "Supporting Files";
			sourceTree = "<group>";
		};
		0AA7AAEF1C0BF38E007CFE26 /* Model */ = {
			isa = PBXGroup;
			children = (
				0A0C5E3B1C0C37360062233C /* Constant.h */,
				0A0612A11C0C490300030C54 /* FilesDownloader.h */,
				0A0612A21C0C490300030C54 /* FilesDownloader.m */,
			);
			name = Model;
			sourceTree = "<group>";
		};
		0AA7AAF01C0BF3A1007CFE26 /* GUI */ = {
			isa = PBXGroup;
			children = (
				0A6515A71C082E1800D56107 /* Assets.xcassets */,
				0A6515A91C082E1800D56107 /* Main.storyboard */,
			);
			name = GUI;
			sourceTree = "<group>";
		};
		0AA7AAF11C0BF4A5007CFE26 /* Controller */ = {
			isa = PBXGroup;
			children = (
				0A65159E1C082E1800D56107 /* AppDelegate.h */,
				0A65159F1C082E1800D56107 /* AppDelegate.m */,
				0A6515A41C082E1800D56107 /* MessengerViewController.h */,
				0A6515A51C082E1800D56107 /* MessengerViewController.m */,
				0AA7AAEC1C0BF24C007CFE26 /* MessengerWindowController.h */,
				0AA7AAED1C0BF24C007CFE26 /* MessengerWindowController.m */,
				0AAD85661C0C55DB0080BE3F /* DownloadViewController.h */,
				0AAD85671C0C55DB0080BE3F /* DownloadViewController.m */,
			);
			name = Controller;
			sourceTree = "<group>";
		};
		0AAD85691C0C57D50080BE3F /* Data */ = {
			isa = PBXGroup;
			children = (
				0AAD856A1C0C57E90080BE3F /* DataCenter.h */,
				0AAD856B1C0C57E90080BE3F /* DataCenter.m */,
			);
			name = Data;
			sourceTree = "<group>";
		};
/* End PBXGroup section */

/* Begin PBXNativeTarget section */
		0A65159A1C082E1800D56107 /* Messenger */ = {
			isa = PBXNativeTarget;
			buildConfigurationList = 0A6515C51C082E1800D56107 /* Build configuration list for PBXNativeTarget "Messenger" */;
			buildPhases = (
				0A6515971C082E1800D56107 /* Sources */,
				0A6515981C082E1800D56107 /* Frameworks */,
				0A6515991C082E1800D56107 /* Resources */,
			);
			buildRules = (
			);
			dependencies = (
			);
			name = Messenger;
			productName = Messenger;
			productReference = 0A65159B1C082E1800D56107 /* Messenger.app */;
			productType = "com.apple.product-type.application";
		};
		0A6515B01C082E1800D56107 /* MessengerTests */ = {
			isa = PBXNativeTarget;
			buildConfigurationList = 0A6515C81C082E1800D56107 /* Build configuration list for PBXNativeTarget "MessengerTests" */;
			buildPhases = (
				0A6515AD1C082E1800D56107 /* Sources */,
				0A6515AE1C082E1800D56107 /* Frameworks */,
				0A6515AF1C082E1800D56107 /* Resources */,
			);
			buildRules = (
			);
			dependencies = (
				0A6515B31C082E1800D56107 /* PBXTargetDependency */,
			);
			name = MessengerTests;
			productName = MessengerTests;
			productReference = 0A6515B11C082E1800D56107 /* Messenger.xctest */;
			productType = "com.apple.product-type.bundle.unit-test";
		};
		0A6515BB1C082E1800D56107 /* MessengerUITests */ = {
			isa = PBXNativeTarget;
			buildConfigurationList = 0A6515CB1C082E1800D56107 /* Build configuration list for PBXNativeTarget "MessengerUITests" */;
			buildPhases = (
				0A6515B81C082E1800D56107 /* Sources */,
				0A6515B91C082E1800D56107 /* Frameworks */,
				0A6515BA1C082E1800D56107 /* Resources */,
			);
			buildRules = (
			);
			dependencies = (
				0A6515BE1C082E1800D56107 /* PBXTargetDependency */,
			);
			name = MessengerUITests;
			productName = MessengerUITests;
			productReference = 0A6515BC1C082E1800D56107 /* Messenger.xctest */;
			productType = "com.apple.product-type.bundle.ui-testing";
		};
/* End PBXNativeTarget section */

/* Begin PBXProject section */
		0A6515931C082E1800D56107 /* Project object */ = {
			isa = PBXProject;
			attributes = {
				LastUpgradeCheck = 0710;
				ORGANIZATIONNAME = "Hứ Ta Khinh";
				TargetAttributes = {
					0A65159A1C082E1800D56107 = {
						CreatedOnToolsVersion = 7.1.1;
					};
					0A6515B01C082E1800D56107 = {
						CreatedOnToolsVersion = 7.1.1;
						TestTargetID = 0A65159A1C082E1800D56107;
					};
					0A6515BB1C082E1800D56107 = {
						CreatedOnToolsVersion = 7.1.1;
						TestTargetID = 0A65159A1C082E1800D56107;
					};
				};
			};
			buildConfigurationList = 0A6515961C082E1800D56107 /* Build configuration list for PBXProject "Messenger" */;
			compatibilityVersion = "Xcode 3.2";
			developmentRegion = English;
			hasScannedForEncodings = 0;
			knownRegions = (
				en,
				Base,
			);
			mainGroup = 0A6515921C082E1800D56107;
			productRefGroup = 0A65159C1C082E1800D56107 /* Products */;
			projectDirPath = "";
			projectRoot = "";
			targets = (
				0A65159A1C082E1800D56107 /* Messenger */,
				0A6515B01C082E1800D56107 /* MessengerTests */,
				0A6515BB1C082E1800D56107 /* MessengerUITests */,
			);
		};
/* End PBXProject section */

/* Begin PBXResourcesBuildPhase section */
		0A6515991C082E1800D56107 /* Resources */ = {
			isa = PBXResourcesBuildPhase;
			buildActionMask = 2147483647;
			files = (
				0A6515A81C082E1800D56107 /* Assets.xcassets in Resources */,
				0AA7AAF81C0C2010007CFE26 /* Credits.rtf in Resources */,
				0A6515AB1C082E1800D56107 /* Main.storyboard in Resources */,
			);
			runOnlyForDeploymentPostprocessing = 0;
		};
		0A6515AF1C082E1800D56107 /* Resources */ = {
			isa = PBXResourcesBuildPhase;
			buildActionMask = 2147483647;
			files = (
			);
			runOnlyForDeploymentPostprocessing = 0;
		};
		0A6515BA1C082E1800D56107 /* Resources */ = {
			isa = PBXResourcesBuildPhase;
			buildActionMask = 2147483647;
			files = (
			);
			runOnlyForDeploymentPostprocessing = 0;
		};
/* End PBXResourcesBuildPhase section */

/* Begin PBXSourcesBuildPhase section */
		0A6515971C082E1800D56107 /* Sources */ = {
			isa = PBXSourcesBuildPhase;
			buildActionMask = 2147483647;
			files = (
				0A6515A61C082E1800D56107 /* MessengerViewController.m in Sources */,
				0A6515A31C082E1800D56107 /* main.m in Sources */,
				0AAD85681C0C55DB0080BE3F /* DownloadViewController.m in Sources */,
				0A0612A31C0C490300030C54 /* FilesDownloader.m in Sources */,
				0AAD856C1C0C57E90080BE3F /* DataCenter.m in Sources */,
				0A6515A01C082E1800D56107 /* AppDelegate.m in Sources */,
				0AA7AAEE1C0BF24C007CFE26 /* MessengerWindowController.m in Sources */,
			);
			runOnlyForDeploymentPostprocessing = 0;
		};
		0A6515AD1C082E1800D56107 /* Sources */ = {
			isa = PBXSourcesBuildPhase;
			buildActionMask = 2147483647;
			files = (
			);
			runOnlyForDeploymentPostprocessing = 0;
		};
		0A6515B81C082E1800D56107 /* Sources */ = {
			isa = PBXSourcesBuildPhase;
			buildActionMask = 2147483647;
			files = (
			);
			runOnlyForDeploymentPostprocessing = 0;
		};
/* End PBXSourcesBuildPhase section */

/* Begin PBXTargetDependency section */
		0A6515B31C082E1800D56107 /* PBXTargetDependency */ = {
			isa = PBXTargetDependency;
			target = 0A65159A1C082E1800D56107 /* Messenger */;
			targetProxy = 0A6515B21C082E1800D56107 /* PBXContainerItemProxy */;
		};
		0A6515BE1C082E1800D56107 /* PBXTargetDependency */ = {
			isa = PBXTargetDependency;
			target = 0A65159A1C082E1800D56107 /* Messenger */;
			targetProxy = 0A6515BD1C082E1800D56107 /* PBXContainerItemProxy */;
		};
/* End PBXTargetDependency section */

/* Begin PBXVariantGroup section */
		0A6515A91C082E1800D56107 /* Main.storyboard */ = {
			isa = PBXVariantGroup;
			children = (
				0A6515AA1C082E1800D56107 /* Base */,
			);
			name = Main.storyboard;
			sourceTree = "<group>";
		};
/* End PBXVariantGroup section */

/* Begin XCBuildConfiguration section */
		0A6515C31C082E1800D56107 /* Debug */ = {
			isa = XCBuildConfiguration;
			buildSettings = {
				ALWAYS_SEARCH_USER_PATHS = NO;
				CLANG_CXX_LANGUAGE_STANDARD = "gnu++0x";
				CLANG_CXX_LIBRARY = "libc++";
				CLANG_ENABLE_MODULES = YES;
				CLANG_ENABLE_OBJC_ARC = YES;
				CLANG_WARN_BOOL_CONVERSION = YES;
				CLANG_WARN_CONSTANT_CONVERSION = YES;
				CLANG_WARN_DIRECT_OBJC_ISA_USAGE = YES_ERROR;
				CLANG_WARN_EMPTY_BODY = YES;
				CLANG_WARN_ENUM_CONVERSION = YES;
				CLANG_WARN_INT_CONVERSION = YES;
				CLANG_WARN_OBJC_ROOT_CLASS = YES_ERROR;
				CLANG_WARN_UNREACHABLE_CODE = YES;
				CLANG_WARN__DUPLICATE_METHOD_MATCH = YES;
				CODE_SIGN_IDENTITY = "-";
				COPY_PHASE_STRIP = NO;
				DEBUG_INFORMATION_FORMAT = dwarf;
				ENABLE_STRICT_OBJC_MSGSEND = YES;
				ENABLE_TESTABILITY = YES;
				GCC_C_LANGUAGE_STANDARD = gnu99;
				GCC_DYNAMIC_NO_PIC = NO;
				GCC_NO_COMMON_BLOCKS = YES;
				GCC_OPTIMIZATION_LEVEL = 0;
				GCC_PREPROCESSOR_DEFINITIONS = (
					"DEBUG=1",
					"$(inherited)",
				);
				GCC_WARN_64_TO_32_BIT_CONVERSION = YES;
				GCC_WARN_ABOUT_RETURN_TYPE = YES_ERROR;
				GCC_WARN_UNDECLARED_SELECTOR = YES;
				GCC_WARN_UNINITIALIZED_AUTOS = YES_AGGRESSIVE;
				GCC_WARN_UNUSED_FUNCTION = YES;
				GCC_WARN_UNUSED_VARIABLE = YES;
				MACOSX_DEPLOYMENT_TARGET = 10.11;
				MTL_ENABLE_DEBUG_INFO = YES;
				ONLY_ACTIVE_ARCH = YES;
				SDKROOT = macosx;
			};
			name = Debug;
		};
		0A6515C41C082E1800D56107 /* Release */ = {
			isa = XCBuildConfiguration;
			buildSettings = {
				ALWAYS_SEARCH_USER_PATHS = NO;
				CLANG_CXX_LANGUAGE_STANDARD = "gnu++0x";
				CLANG_CXX_LIBRARY = "libc++";
				CLANG_ENABLE_MODULES = YES;
				CLANG_ENABLE_OBJC_ARC = YES;
				CLANG_WARN_BOOL_CONVERSION = YES;
				CLANG_WARN_CONSTANT_CONVERSION = YES;
				CLANG_WARN_DIRECT_OBJC_ISA_USAGE = YES_ERROR;
				CLANG_WARN_EMPTY_BODY = YES;
				CLANG_WARN_ENUM_CONVERSION = YES;
				CLANG_WARN_INT_CONVERSION = YES;
				CLANG_WARN_OBJC_ROOT_CLASS = YES_ERROR;
				CLANG_WARN_UNREACHABLE_CODE = YES;
				CLANG_WARN__DUPLICATE_METHOD_MATCH = YES;
				CODE_SIGN_IDENTITY = "-";
				COPY_PHASE_STRIP = NO;
				DEBUG_INFORMATION_FORMAT = "dwarf-with-dsym";
				ENABLE_NS_ASSERTIONS = NO;
				ENABLE_STRICT_OBJC_MSGSEND = YES;
				GCC_C_LANGUAGE_STANDARD = gnu99;
				GCC_NO_COMMON_BLOCKS = YES;
				GCC_WARN_64_TO_32_BIT_CONVERSION = YES;
				GCC_WARN_ABOUT_RETURN_TYPE = YES_ERROR;
				GCC_WARN_UNDECLARED_SELECTOR = YES;
				GCC_WARN_UNINITIALIZED_AUTOS = YES_AGGRESSIVE;
				GCC_WARN_UNUSED_FUNCTION = YES;
				GCC_WARN_UNUSED_VARIABLE = YES;
				MACOSX_DEPLOYMENT_TARGET = 10.11;
				MTL_ENABLE_DEBUG_INFO = NO;
				SDKROOT = macosx;
			};
			name = Release;
		};
		0A6515C61C082E1800D56107 /* Debug */ = {
			isa = XCBuildConfiguration;
			buildSettings = {
				ASSETCATALOG_COMPILER_APPICON_NAME = AppIcon;
				COMBINE_HIDPI_IMAGES = YES;
				INFOPLIST_FILE = Messenger/Info.plist;
				LD_RUNPATH_SEARCH_PATHS = "$(inherited) @executable_path/../Frameworks";
				PRODUCT_BUNDLE_IDENTIFIER = com.htk.Messenger;
				PRODUCT_NAME = Messenger;
			};
			name = Debug;
		};
		0A6515C71C082E1800D56107 /* Release */ = {
			isa = XCBuildConfiguration;
			buildSettings = {
				ASSETCATALOG_COMPILER_APPICON_NAME = AppIcon;
				COMBINE_HIDPI_IMAGES = YES;
				INFOPLIST_FILE = Messenger/Info.plist;
				LD_RUNPATH_SEARCH_PATHS = "$(inherited) @executable_path/../Frameworks";
				PRODUCT_BUNDLE_IDENTIFIER = com.htk.Messenger;
				PRODUCT_NAME = Messenger;
			};
			name = Release;
		};
		0A6515C91C082E1800D56107 /* Debug */ = {
			isa = XCBuildConfiguration;
			buildSettings = {
				BUNDLE_LOADER = "$(TEST_HOST)";
				COMBINE_HIDPI_IMAGES = YES;
				INFOPLIST_FILE = MessengerTests/Info.plist;
				LD_RUNPATH_SEARCH_PATHS = "$(inherited) @executable_path/../Frameworks @loader_path/../Frameworks";
				PRODUCT_BUNDLE_IDENTIFIER = com.htk.MessengerTests;
				PRODUCT_NAME = Messenger;
				TEST_HOST = "$(BUILT_PRODUCTS_DIR)/Messenger.app/Contents/MacOS/Messenger";
			};
			name = Debug;
		};
		0A6515CA1C082E1800D56107 /* Release */ = {
			isa = XCBuildConfiguration;
			buildSettings = {
				BUNDLE_LOADER = "$(TEST_HOST)";
				COMBINE_HIDPI_IMAGES = YES;
				INFOPLIST_FILE = MessengerTests/Info.plist;
				LD_RUNPATH_SEARCH_PATHS = "$(inherited) @executable_path/../Frameworks @loader_path/../Frameworks";
				PRODUCT_BUNDLE_IDENTIFIER = com.htk.MessengerTests;
				PRODUCT_NAME = Messenger;
				TEST_HOST = "$(BUILT_PRODUCTS_DIR)/Messenger.app/Contents/MacOS/Messenger";
			};
			name = Release;
		};
		0A6515CC1C082E1800D56107 /* Debug */ = {
			isa = XCBuildConfiguration;
			buildSettings = {
				COMBINE_HIDPI_IMAGES = YES;
				INFOPLIST_FILE = MessengerUITests/Info.plist;
				LD_RUNPATH_SEARCH_PATHS = "$(inherited) @executable_path/../Frameworks @loader_path/../Frameworks";
				PRODUCT_BUNDLE_IDENTIFIER = com.htk.MessengerUITests;
				PRODUCT_NAME = Messenger;
				TEST_TARGET_NAME = Messenger;
				USES_XCTRUNNER = YES;
			};
			name = Debug;
		};
		0A6515CD1C082E1800D56107 /* Release */ = {
			isa = XCBuildConfiguration;
			buildSettings = {
				COMBINE_HIDPI_IMAGES = YES;
				INFOPLIST_FILE = MessengerUITests/Info.plist;
				LD_RUNPATH_SEARCH_PATHS = "$(inherited) @executable_path/../Frameworks @loader_path/../Frameworks";
				PRODUCT_BUNDLE_IDENTIFIER = com.htk.MessengerUITests;
				PRODUCT_NAME = Messenger;
				TEST_TARGET_NAME = Messenger;
				USES_XCTRUNNER = YES;
			};
			name = Release;
		};
/* End XCBuildConfiguration section */

/* Begin XCConfigurationList section */
		0A6515961C082E1800D56107 /* Build configuration list for PBXProject "Messenger" */ = {
			isa = XCConfigurationList;
			buildConfigurations = (
				0A6515C31C082E1800D56107 /* Debug */,
				0A6515C41C082E1800D56107 /* Release */,
			);
			defaultConfigurationIsVisible = 0;
			defaultConfigurationName = Release;
		};
		0A6515C51C082E1800D56107 /* Build configuration list for PBXNativeTarget "Messenger" */ = {
			isa = XCConfigurationList;
			buildConfigurations = (
				0A6515C61C082E1800D56107 /* Debug */,
				0A6515C71C082E1800D56107 /* Release */,
			);
			defaultConfigurationIsVisible = 0;
			defaultConfigurationName = Release;
		};
		0A6515C81C082E1800D56107 /* Build configuration list for PBXNativeTarget "MessengerTests" */ = {
			isa = XCConfigurationList;
			buildConfigurations = (
				0A6515C91C082E1800D56107 /* Debug */,
				0A6515CA1C082E1800D56107 /* Release */,
			);
			defaultConfigurationIsVisible = 0;
			defaultConfigurationName = Release;
		};
		0A6515CB1C082E1800D56107 /* Build configuration list for PBXNativeTarget "MessengerUITests" */ = {
			isa = XCConfigurationList;
			buildConfigurations = (
				0A6515CC1C082E1800D56107 /* Debug */,
				0A6515CD1C082E1800D56107 /* Release */,
			);
			defaultConfigurationIsVisible = 0;
			defaultConfigurationName = Release;
		};
/* End XCConfigurationList section */
	};
	rootObject = 0A6515931C082E1800D56107 /* Project object */;
}
